// !$*UTF8*$!
{
	archiveVersion = 1;
	classes = {
	};
	objectVersion = 46;
	objects = {

/* Begin PBXBuildFile section */
		A664B60E241FD2FEAA302F86 /* Pods_FaceRecognizer.framework in Frameworks */ = {isa = PBXBuildFile; fileRef = C0AEBA4177A6AFFC30E927CE /* Pods_FaceRecognizer.framework */; };
		FA235A0B1E82D6AA00BDE171 /* AppDelegate.swift in Sources */ = {isa = PBXBuildFile; fileRef = FA235A0A1E82D6AA00BDE171 /* AppDelegate.swift */; };
		FA235A101E82D6AA00BDE171 /* Main.storyboard in Resources */ = {isa = PBXBuildFile; fileRef = FA235A0E1E82D6AA00BDE171 /* Main.storyboard */; };
		FA235A121E82D6AA00BDE171 /* Assets.xcassets in Resources */ = {isa = PBXBuildFile; fileRef = FA235A111E82D6AA00BDE171 /* Assets.xcassets */; };
		FA235A151E82D6AA00BDE171 /* LaunchScreen.storyboard in Resources */ = {isa = PBXBuildFile; fileRef = FA235A131E82D6AA00BDE171 /* LaunchScreen.storyboard */; };
		FA235A2D1E82FE7E00BDE171 /* haarcascade_frontalface_default.xml in Resources */ = {isa = PBXBuildFile; fileRef = FA235A2C1E82FE7E00BDE171 /* haarcascade_frontalface_default.xml */; };
		FA235A2F1E830F7300BDE171 /* FrontCameraFaceRecognizerViewController.swift in Sources */ = {isa = PBXBuildFile; fileRef = FA235A2E1E830F7300BDE171 /* FrontCameraFaceRecognizerViewController.swift */; };
		FAB7D39E1E8681A8007D12A7 /* CascadeDetectorAdapter.cpp in Sources */ = {isa = PBXBuildFile; fileRef = FAB7D39C1E8681A8007D12A7 /* CascadeDetectorAdapter.cpp */; };
		FAB7D3A11E868878007D12A7 /* DetectionBasedTrackerAdapter.cpp in Sources */ = {isa = PBXBuildFile; fileRef = FAB7D39F1E868878007D12A7 /* DetectionBasedTrackerAdapter.cpp */; };
		FAB7D3A51E86B88A007D12A7 /* SmoothPainter.cpp in Sources */ = {isa = PBXBuildFile; fileRef = FAB7D3A31E86B88A007D12A7 /* SmoothPainter.cpp */; };
		FACC18FD1E84730B0040D01B /* OpenCVRecognizer.mm in Sources */ = {isa = PBXBuildFile; fileRef = FACC18FC1E84730B0040D01B /* OpenCVRecognizer.mm */; };
/* End PBXBuildFile section */

/* Begin PBXFileReference section */
		1FC55125B45906155D829879 /* Pods-FaceRecognizer.release.xcconfig */ = {isa = PBXFileReference; includeInIndex = 1; lastKnownFileType = text.xcconfig; name = "Pods-FaceRecognizer.release.xcconfig"; path = "Pods/Target Support Files/Pods-FaceRecognizer/Pods-FaceRecognizer.release.xcconfig"; sourceTree = "<group>"; };
		6901D85FDDE86B035FC7A083 /* Pods-FaceRecognizer.debug.xcconfig */ = {isa = PBXFileReference; includeInIndex = 1; lastKnownFileType = text.xcconfig; name = "Pods-FaceRecognizer.debug.xcconfig"; path = "Pods/Target Support Files/Pods-FaceRecognizer/Pods-FaceRecognizer.debug.xcconfig"; sourceTree = "<group>"; };
		C0AEBA4177A6AFFC30E927CE /* Pods_FaceRecognizer.framework */ = {isa = PBXFileReference; explicitFileType = wrapper.framework; includeInIndex = 0; path = Pods_FaceRecognizer.framework; sourceTree = BUILT_PRODUCTS_DIR; };
		FA235A071E82D6A900BDE171 /* FaceRecognizer.app */ = {isa = PBXFileReference; explicitFileType = wrapper.application; includeInIndex = 0; path = FaceRecognizer.app; sourceTree = BUILT_PRODUCTS_DIR; };
		FA235A0A1E82D6AA00BDE171 /* AppDelegate.swift */ = {isa = PBXFileReference; lastKnownFileType = sourcecode.swift; path = AppDelegate.swift; sourceTree = "<group>"; };
		FA235A0F1E82D6AA00BDE171 /* Base */ = {isa = PBXFileReference; lastKnownFileType = file.storyboard; name = Base; path = Base.lproj/Main.storyboard; sourceTree = "<group>"; };
		FA235A111E82D6AA00BDE171 /* Assets.xcassets */ = {isa = PBXFileReference; lastKnownFileType = folder.assetcatalog; path = Assets.xcassets; sourceTree = "<group>"; };
		FA235A141E82D6AA00BDE171 /* Base */ = {isa = PBXFileReference; lastKnownFileType = file.storyboard; name = Base; path = Base.lproj/LaunchScreen.storyboard; sourceTree = "<group>"; };
		FA235A161E82D6AA00BDE171 /* Info.plist */ = {isa = PBXFileReference; lastKnownFileType = text.plist.xml; path = Info.plist; sourceTree = "<group>"; };
		FA235A2C1E82FE7E00BDE171 /* haarcascade_frontalface_default.xml */ = {isa = PBXFileReference; fileEncoding = 4; lastKnownFileType = text.xml; path = haarcascade_frontalface_default.xml; sourceTree = "<group>"; };
		FA235A2E1E830F7300BDE171 /* FrontCameraFaceRecognizerViewController.swift */ = {isa = PBXFileReference; fileEncoding = 4; lastKnownFileType = sourcecode.swift; path = FrontCameraFaceRecognizerViewController.swift; sourceTree = "<group>"; };
		FAB7D39C1E8681A8007D12A7 /* CascadeDetectorAdapter.cpp */ = {isa = PBXFileReference; fileEncoding = 4; lastKnownFileType = sourcecode.cpp.cpp; path = CascadeDetectorAdapter.cpp; sourceTree = "<group>"; };
		FAB7D39D1E8681A8007D12A7 /* CascadeDetectorAdapter.hpp */ = {isa = PBXFileReference; fileEncoding = 4; lastKnownFileType = sourcecode.cpp.h; path = CascadeDetectorAdapter.hpp; sourceTree = "<group>"; };
		FAB7D39F1E868878007D12A7 /* DetectionBasedTrackerAdapter.cpp */ = {isa = PBXFileReference; fileEncoding = 4; lastKnownFileType = sourcecode.cpp.cpp; path = DetectionBasedTrackerAdapter.cpp; sourceTree = "<group>"; };
		FAB7D3A01E868878007D12A7 /* DetectionBasedTrackerAdapter.hpp */ = {isa = PBXFileReference; fileEncoding = 4; lastKnownFileType = sourcecode.cpp.h; path = DetectionBasedTrackerAdapter.hpp; sourceTree = "<group>"; };
		FAB7D3A31E86B88A007D12A7 /* SmoothPainter.cpp */ = {isa = PBXFileReference; fileEncoding = 4; lastKnownFileType = sourcecode.cpp.cpp; path = SmoothPainter.cpp; sourceTree = "<group>"; };
		FAB7D3A41E86B88A007D12A7 /* SmoothPainter.hpp */ = {isa = PBXFileReference; fileEncoding = 4; lastKnownFileType = sourcecode.cpp.h; path = SmoothPainter.hpp; sourceTree = "<group>"; };
		FACC18FA1E84730B0040D01B /* FaceRecognizer-Bridging-Header.h */ = {isa = PBXFileReference; lastKnownFileType = sourcecode.c.h; name = "FaceRecognizer-Bridging-Header.h"; path = "FaceRecognizer/Supporting files/FaceRecognizer-Bridging-Header.h"; sourceTree = SOURCE_ROOT; };
		FACC18FB1E84730B0040D01B /* OpenCVRecognizer.h */ = {isa = PBXFileReference; fileEncoding = 4; lastKnownFileType = sourcecode.c.h; path = OpenCVRecognizer.h; sourceTree = "<group>"; };
		FACC18FC1E84730B0040D01B /* OpenCVRecognizer.mm */ = {isa = PBXFileReference; fileEncoding = 4; lastKnownFileType = sourcecode.cpp.objcpp; path = OpenCVRecognizer.mm; sourceTree = "<group>"; };
/* End PBXFileReference section */

/* Begin PBXFrameworksBuildPhase section */
		FA235A041E82D6A900BDE171 /* Frameworks */ = {
			isa = PBXFrameworksBuildPhase;
			buildActionMask = 2147483647;
			files = (
				A664B60E241FD2FEAA302F86 /* Pods_FaceRecognizer.framework in Frameworks */,
			);
			runOnlyForDeploymentPostprocessing = 0;
		};
/* End PBXFrameworksBuildPhase section */

/* Begin PBXGroup section */
		27EDA6F6FFBA7CD278CA8ACA /* Pods */ = {
			isa = PBXGroup;
			children = (
				6901D85FDDE86B035FC7A083 /* Pods-FaceRecognizer.debug.xcconfig */,
				1FC55125B45906155D829879 /* Pods-FaceRecognizer.release.xcconfig */,
			);
			name = Pods;
			sourceTree = "<group>";
		};
		2C38E6DC00B69BE69D6DAE04 /* Frameworks */ = {
			isa = PBXGroup;
			children = (
				C0AEBA4177A6AFFC30E927CE /* Pods_FaceRecognizer.framework */,
			);
			name = Frameworks;
			sourceTree = "<group>";
		};
		FA2359FE1E82D6A900BDE171 = {
			isa = PBXGroup;
			children = (
				FA235A091E82D6AA00BDE171 /* FaceRecognizer */,
				FA235A081E82D6AA00BDE171 /* Products */,
				27EDA6F6FFBA7CD278CA8ACA /* Pods */,
				2C38E6DC00B69BE69D6DAE04 /* Frameworks */,
			);
			sourceTree = "<group>";
		};
		FA235A081E82D6AA00BDE171 /* Products */ = {
			isa = PBXGroup;
			children = (
				FA235A071E82D6A900BDE171 /* FaceRecognizer.app */,
			);
			name = Products;
			sourceTree = "<group>";
		};
		FA235A091E82D6AA00BDE171 /* FaceRecognizer */ = {
			isa = PBXGroup;
			children = (
				FAB7D3A21E86B6C2007D12A7 /* iOS Layer */,
				FACC18FE1E84732C0040D01B /* OpenCV Layer */,
				FA235A1C1E82DAF100BDE171 /* Supporting files */,
			);
			path = FaceRecognizer;
			sourceTree = "<group>";
		};
		FA235A1C1E82DAF100BDE171 /* Supporting files */ = {
			isa = PBXGroup;
			children = (
				FACC18FA1E84730B0040D01B /* FaceRecognizer-Bridging-Header.h */,
				FA235A2C1E82FE7E00BDE171 /* haarcascade_frontalface_default.xml */,
				FA235A111E82D6AA00BDE171 /* Assets.xcassets */,
				FA235A131E82D6AA00BDE171 /* LaunchScreen.storyboard */,
				FA235A161E82D6AA00BDE171 /* Info.plist */,
			);
			path = "Supporting files";
			sourceTree = "<group>";
		};
		FAB7D3A21E86B6C2007D12A7 /* iOS Layer */ = {
			isa = PBXGroup;
			children = (
				FA235A0E1E82D6AA00BDE171 /* Main.storyboard */,
				FA235A0A1E82D6AA00BDE171 /* AppDelegate.swift */,
				FA235A2E1E830F7300BDE171 /* FrontCameraFaceRecognizerViewController.swift */,
			);
			path = "iOS Layer";
			sourceTree = "<group>";
		};
		FACC18FE1E84732C0040D01B /* OpenCV Layer */ = {
			isa = PBXGroup;
			children = (
				FACC18FB1E84730B0040D01B /* OpenCVRecognizer.h */,
				FACC18FC1E84730B0040D01B /* OpenCVRecognizer.mm */,
				FAB7D39C1E8681A8007D12A7 /* CascadeDetectorAdapter.cpp */,
				FAB7D39D1E8681A8007D12A7 /* CascadeDetectorAdapter.hpp */,
				FAB7D3A31E86B88A007D12A7 /* SmoothPainter.cpp */,
				FAB7D3A41E86B88A007D12A7 /* SmoothPainter.hpp */,
				FAB7D39F1E868878007D12A7 /* DetectionBasedTrackerAdapter.cpp */,
				FAB7D3A01E868878007D12A7 /* DetectionBasedTrackerAdapter.hpp */,
			);
			path = "OpenCV Layer";
			sourceTree = "<group>";
		};
/* End PBXGroup section */

/* Begin PBXNativeTarget section */
		FA235A061E82D6A900BDE171 /* FaceRecognizer */ = {
			isa = PBXNativeTarget;
			buildConfigurationList = FA235A191E82D6AA00BDE171 /* Build configuration list for PBXNativeTarget "FaceRecognizer" */;
			buildPhases = (
				4C68E277D1967167BF37223B /* [CP] Check Pods Manifest.lock */,
				FA235A031E82D6A900BDE171 /* Sources */,
				FA235A041E82D6A900BDE171 /* Frameworks */,
				FA235A051E82D6A900BDE171 /* Resources */,
				D28F7B6AC2FECC3B6AFEBA6C /* [CP] Embed Pods Frameworks */,
				E51F9B74CF3F4814FE1C1F51 /* [CP] Copy Pods Resources */,
			);
			buildRules = (
			);
			dependencies = (
			);
			name = FaceRecognizer;
			productName = FaceRecognizer;
			productReference = FA235A071E82D6A900BDE171 /* FaceRecognizer.app */;
			productType = "com.apple.product-type.application";
		};
/* End PBXNativeTarget section */

/* Begin PBXProject section */
		FA2359FF1E82D6A900BDE171 /* Project object */ = {
			isa = PBXProject;
			attributes = {
				LastSwiftUpdateCheck = 0820;
				LastUpgradeCheck = 0820;
				ORGANIZATIONNAME = "Кирилл Делимбетов";
				TargetAttributes = {
					FA235A061E82D6A900BDE171 = {
						CreatedOnToolsVersion = 8.2.1;
						DevelopmentTeam = 48L483TLQC;
						LastSwiftMigration = 0820;
						ProvisioningStyle = Automatic;
					};
				};
			};
			buildConfigurationList = FA235A021E82D6A900BDE171 /* Build configuration list for PBXProject "FaceRecognizer" */;
			compatibilityVersion = "Xcode 3.2";
			developmentRegion = English;
			hasScannedForEncodings = 0;
			knownRegions = (
				en,
				Base,
			);
			mainGroup = FA2359FE1E82D6A900BDE171;
			productRefGroup = FA235A081E82D6AA00BDE171 /* Products */;
			projectDirPath = "";
			projectRoot = "";
			targets = (
				FA235A061E82D6A900BDE171 /* FaceRecognizer */,
			);
		};
/* End PBXProject section */

/* Begin PBXResourcesBuildPhase section */
		FA235A051E82D6A900BDE171 /* Resources */ = {
			isa = PBXResourcesBuildPhase;
			buildActionMask = 2147483647;
			files = (
				FA235A151E82D6AA00BDE171 /* LaunchScreen.storyboard in Resources */,
				FA235A121E82D6AA00BDE171 /* Assets.xcassets in Resources */,
				FA235A2D1E82FE7E00BDE171 /* haarcascade_frontalface_default.xml in Resources */,
				FA235A101E82D6AA00BDE171 /* Main.storyboard in Resources */,
			);
			runOnlyForDeploymentPostprocessing = 0;
		};
/* End PBXResourcesBuildPhase section */

/* Begin PBXShellScriptBuildPhase section */
		4C68E277D1967167BF37223B /* [CP] Check Pods Manifest.lock */ = {
			isa = PBXShellScriptBuildPhase;
			buildActionMask = 2147483647;
			files = (
			);
			inputPaths = (
			);
			name = "[CP] Check Pods Manifest.lock";
			outputPaths = (
			);
			runOnlyForDeploymentPostprocessing = 0;
			shellPath = /bin/sh;
			shellScript = "diff \"${PODS_ROOT}/../Podfile.lock\" \"${PODS_ROOT}/Manifest.lock\" > /dev/null\nif [ $? != 0 ] ; then\n    # print error to STDERR\n    echo \"error: The sandbox is not in sync with the Podfile.lock. Run 'pod install' or update your CocoaPods installation.\" >&2\n    exit 1\nfi\n";
			showEnvVarsInLog = 0;
		};
		D28F7B6AC2FECC3B6AFEBA6C /* [CP] Embed Pods Frameworks */ = {
			isa = PBXShellScriptBuildPhase;
			buildActionMask = 2147483647;
			files = (
			);
			inputPaths = (
			);
			name = "[CP] Embed Pods Frameworks";
			outputPaths = (
			);
			runOnlyForDeploymentPostprocessing = 0;
			shellPath = /bin/sh;
			shellScript = "\"${SRCROOT}/Pods/Target Support Files/Pods-FaceRecognizer/Pods-FaceRecognizer-frameworks.sh\"\n";
			showEnvVarsInLog = 0;
		};
		E51F9B74CF3F4814FE1C1F51 /* [CP] Copy Pods Resources */ = {
			isa = PBXShellScriptBuildPhase;
			buildActionMask = 2147483647;
			files = (
			);
			inputPaths = (
			);
			name = "[CP] Copy Pods Resources";
			outputPaths = (
			);
			runOnlyForDeploymentPostprocessing = 0;
			shellPath = /bin/sh;
			shellScript = "\"${SRCROOT}/Pods/Target Support Files/Pods-FaceRecognizer/Pods-FaceRecognizer-resources.sh\"\n";
			showEnvVarsInLog = 0;
		};
/* End PBXShellScriptBuildPhase section */

/* Begin PBXSourcesBuildPhase section */
		FA235A031E82D6A900BDE171 /* Sources */ = {
			isa = PBXSourcesBuildPhase;
			buildActionMask = 2147483647;
			files = (
				FA235A2F1E830F7300BDE171 /* FrontCameraFaceRecognizerViewController.swift in Sources */,
				FAB7D3A51E86B88A007D12A7 /* SmoothPainter.cpp in Sources */,
				FA235A0B1E82D6AA00BDE171 /* AppDelegate.swift in Sources */,
				FAB7D39E1E8681A8007D12A7 /* CascadeDetectorAdapter.cpp in Sources */,
				FACC18FD1E84730B0040D01B /* OpenCVRecognizer.mm in Sources */,
				FAB7D3A11E868878007D12A7 /* DetectionBasedTrackerAdapter.cpp in Sources */,
			);
			runOnlyForDeploymentPostprocessing = 0;
		};
/* End PBXSourcesBuildPhase section */

/* Begin PBXVariantGroup section */
		FA235A0E1E82D6AA00BDE171 /* Main.storyboard */ = {
			isa = PBXVariantGroup;
			children = (
				FA235A0F1E82D6AA00BDE171 /* Base */,
			);
			name = Main.storyboard;
			path = ..;
			sourceTree = "<group>";
		};
		FA235A131E82D6AA00BDE171 /* LaunchScreen.storyboard */ = {
			isa = PBXVariantGroup;
			children = (
				FA235A141E82D6AA00BDE171 /* Base */,
			);
			name = LaunchScreen.storyboard;
			path = ..;
			sourceTree = "<group>";
		};
/* End PBXVariantGroup section */

/* Begin XCBuildConfiguration section */
		FA235A171E82D6AA00BDE171 /* Debug */ = {
			isa = XCBuildConfiguration;
			buildSettings = {
				ALWAYS_SEARCH_USER_PATHS = NO;
				CLANG_ANALYZER_NONNULL = YES;
				CLANG_CXX_LANGUAGE_STANDARD = "c++14";
				CLANG_CXX_LIBRARY = "libc++";
				CLANG_ENABLE_MODULES = YES;
				CLANG_ENABLE_OBJC_ARC = YES;
				CLANG_WARN_BOOL_CONVERSION = YES;
				CLANG_WARN_CONSTANT_CONVERSION = YES;
				CLANG_WARN_DIRECT_OBJC_ISA_USAGE = YES_ERROR;
				CLANG_WARN_DOCUMENTATION_COMMENTS = YES;
				CLANG_WARN_EMPTY_BODY = YES;
				CLANG_WARN_ENUM_CONVERSION = YES;
				CLANG_WARN_INFINITE_RECURSION = YES;
				CLANG_WARN_INT_CONVERSION = YES;
				CLANG_WARN_OBJC_ROOT_CLASS = YES_ERROR;
				CLANG_WARN_SUSPICIOUS_MOVE = YES;
				CLANG_WARN_UNREACHABLE_CODE = YES;
				CLANG_WARN__DUPLICATE_METHOD_MATCH = YES;
				"CODE_SIGN_IDENTITY[sdk=iphoneos*]" = "iPhone Developer";
				COPY_PHASE_STRIP = NO;
				DEBUG_INFORMATION_FORMAT = dwarf;
				ENABLE_STRICT_OBJC_MSGSEND = YES;
				ENABLE_TESTABILITY = YES;
				GCC_C_LANGUAGE_STANDARD = gnu99;
				GCC_DYNAMIC_NO_PIC = NO;
				GCC_NO_COMMON_BLOCKS = YES;
				GCC_OPTIMIZATION_LEVEL = 0;
				GCC_PREPROCESSOR_DEFINITIONS = (
					"DEBUG=1",
					"$(inherited)",
				);
				GCC_WARN_64_TO_32_BIT_CONVERSION = YES;
				GCC_WARN_ABOUT_RETURN_TYPE = YES_ERROR;
				GCC_WARN_UNDECLARED_SELECTOR = YES;
				GCC_WARN_UNINITIALIZED_AUTOS = YES_AGGRESSIVE;
				GCC_WARN_UNUSED_FUNCTION = YES;
				GCC_WARN_UNUSED_VARIABLE = YES;
				IPHONEOS_DEPLOYMENT_TARGET = 10.2;
				MTL_ENABLE_DEBUG_INFO = YES;
				ONLY_ACTIVE_ARCH = YES;
				SDKROOT = iphoneos;
				SWIFT_ACTIVE_COMPILATION_CONDITIONS = DEBUG;
				SWIFT_OPTIMIZATION_LEVEL = "-Onone";
			};
			name = Debug;
		};
		FA235A181E82D6AA00BDE171 /* Release */ = {
			isa = XCBuildConfiguration;
			buildSettings = {
				ALWAYS_SEARCH_USER_PATHS = NO;
				CLANG_ANALYZER_NONNULL = YES;
				CLANG_CXX_LANGUAGE_STANDARD = "c++14";
				CLANG_CXX_LIBRARY = "libc++";
				CLANG_ENABLE_MODULES = YES;
				CLANG_ENABLE_OBJC_ARC = YES;
				CLANG_WARN_BOOL_CONVERSION = YES;
				CLANG_WARN_CONSTANT_CONVERSION = YES;
				CLANG_WARN_DIRECT_OBJC_ISA_USAGE = YES_ERROR;
				CLANG_WARN_DOCUMENTATION_COMMENTS = YES;
				CLANG_WARN_EMPTY_BODY = YES;
				CLANG_WARN_ENUM_CONVERSION = YES;
				CLANG_WARN_INFINITE_RECURSION = YES;
				CLANG_WARN_INT_CONVERSION = YES;
				CLANG_WARN_OBJC_ROOT_CLASS = YES_ERROR;
				CLANG_WARN_SUSPICIOUS_MOVE = YES;
				CLANG_WARN_UNREACHABLE_CODE = YES;
				CLANG_WARN__DUPLICATE_METHOD_MATCH = YES;
				"CODE_SIGN_IDENTITY[sdk=iphoneos*]" = "iPhone Developer";
				COPY_PHASE_STRIP = NO;
				DEBUG_INFORMATION_FORMAT = "dwarf-with-dsym";
				ENABLE_NS_ASSERTIONS = NO;
				ENABLE_STRICT_OBJC_MSGSEND = YES;
				GCC_C_LANGUAGE_STANDARD = gnu99;
				GCC_NO_COMMON_BLOCKS = YES;
				GCC_OPTIMIZATION_LEVEL = fast;
				GCC_WARN_64_TO_32_BIT_CONVERSION = YES;
				GCC_WARN_ABOUT_RETURN_TYPE = YES_ERROR;
				GCC_WARN_UNDECLARED_SELECTOR = YES;
				GCC_WARN_UNINITIALIZED_AUTOS = YES_AGGRESSIVE;
				GCC_WARN_UNUSED_FUNCTION = YES;
				GCC_WARN_UNUSED_VARIABLE = YES;
				IPHONEOS_DEPLOYMENT_TARGET = 10.2;
				MTL_ENABLE_DEBUG_INFO = NO;
				SDKROOT = iphoneos;
				SWIFT_OPTIMIZATION_LEVEL = "-Owholemodule";
				VALIDATE_PRODUCT = YES;
			};
			name = Release;
		};
		FA235A1A1E82D6AA00BDE171 /* Debug */ = {
			isa = XCBuildConfiguration;
			baseConfigurationReference = 6901D85FDDE86B035FC7A083 /* Pods-FaceRecognizer.debug.xcconfig */;
			buildSettings = {
				ASSETCATALOG_COMPILER_APPICON_NAME = AppIcon;
				CLANG_ENABLE_MODULES = YES;
				DEVELOPMENT_TEAM = 48L483TLQC;
				INFOPLIST_FILE = "FaceRecognizer/Supporting files/Info.plist";
				IPHONEOS_DEPLOYMENT_TARGET = 10.2;
				LD_RUNPATH_SEARCH_PATHS = "$(inherited) @executable_path/Frameworks";
				PRODUCT_BUNDLE_IDENTIFIER = com.delimbetov.FaceRecognizer;
				PRODUCT_NAME = "$(TARGET_NAME)";
				SWIFT_OBJC_BRIDGING_HEADER = "./FaceRecognizer/Supporting files/FaceRecognizer-Bridging-Header.h";
				SWIFT_OPTIMIZATION_LEVEL = "-Onone";
				SWIFT_VERSION = 3.0;
				TARGETED_DEVICE_FAMILY = 1;
			};
			name = Debug;
		};
		FA235A1B1E82D6AA00BDE171 /* Release */ = {
			isa = XCBuildConfiguration;
			baseConfigurationReference = 1FC55125B45906155D829879 /* Pods-FaceRecognizer.release.xcconfig */;
			buildSettings = {
				ASSETCATALOG_COMPILER_APPICON_NAME = AppIcon;
				CLANG_ENABLE_MODULES = YES;
				DEVELOPMENT_TEAM = 48L483TLQC;
				INFOPLIST_FILE = "FaceRecognizer/Supporting files/Info.plist";
				IPHONEOS_DEPLOYMENT_TARGET = 10.2;
				LD_RUNPATH_SEARCH_PATHS = "$(inherited) @executable_path/Frameworks";
				PRODUCT_BUNDLE_IDENTIFIER = com.delimbetov.FaceRecognizer;
				PRODUCT_NAME = "$(TARGET_NAME)";
				SWIFT_OBJC_BRIDGING_HEADER = "./FaceRecognizer/Supporting files/FaceRecognizer-Bridging-Header.h";
				SWIFT_VERSION = 3.0;
				TARGETED_DEVICE_FAMILY = 1;
			};
			name = Release;
		};
/* End XCBuildConfiguration section */

/* Begin XCConfigurationList section */
		FA235A021E82D6A900BDE171 /* Build configuration list for PBXProject "FaceRecognizer" */ = {
			isa = XCConfigurationList;
			buildConfigurations = (
				FA235A171E82D6AA00BDE171 /* Debug */,
				FA235A181E82D6AA00BDE171 /* Release */,
			);
			defaultConfigurationIsVisible = 0;
			defaultConfigurationName = Release;
		};
		FA235A191E82D6AA00BDE171 /* Build configuration list for PBXNativeTarget "FaceRecognizer" */ = {
			isa = XCConfigurationList;
			buildConfigurations = (
				FA235A1A1E82D6AA00BDE171 /* Debug */,
				FA235A1B1E82D6AA00BDE171 /* Release */,
			);
			defaultConfigurationIsVisible = 0;
			defaultConfigurationName = Release;
		};
/* End XCConfigurationList section */
	};
	rootObject = FA2359FF1E82D6A900BDE171 /* Project object */;
}
